Microsoft Visual Studio Solution File, Format Version 11.00
# Visual Studio 2008

Project("{14C4D560-6A4C-7C4F-0529-FADE110E013F}") = "CMPS179_SU14_G3_VoxelArena_NearFinal", "Assembly-CSharp-firstpass.csproj", "{EB3BF141-C02A-09DF-748A-74EAABDC0FBD}"
EndProject
Project("{14C4D560-6A4C-7C4F-0529-FADE110E013F}") = "CMPS179_SU14_G3_VoxelArena_NearFinal", "Assembly-CSharp.csproj", "{095AAF65-FB2C-6571-2358-3569CACC9876}"
EndProject
Project("{14C4D560-6A4C-7C4F-0529-FADE110E013F}") = "CMPS179_SU14_G3_VoxelArena_NearFinal", "Assembly-CSharp-Editor.csproj", "{33CA0EE5-4AB8-94EC-91B5-3F426A6A9CBF}"
EndProject
Project("{14C4D560-6A4C-7C4F-0529-FADE110E013F}") = "CMPS179_SU14_G3_VoxelArena_NearFinal", "Assembly-UnityScript-firstpass.unityproj", "{CAF71718-5387-1CD7-EFFD-2A1F4564841B}"
EndProject
Project("{14C4D560-6A4C-7C4F-0529-FADE110E013F}") = "CMPS179_SU14_G3_VoxelArena_NearFinal", "Assembly-UnityScript.unityproj", "{69D17737-6B3B-380F-338D-65CCF28B1D58}"
EndProject
Global
	GlobalSection(SolutionConfigurationPlatforms) = preSolution
		Debug|Any CPU = Debug|Any CPU
		Release|Any CPU = Release|Any CPU
	EndGlobalSection
	GlobalSection(ProjectConfigurationPlatforms) = postSolution
		{EB3BF141-C02A-09DF-748A-74EAABDC0FBD}.Debug|Any CPU.ActiveCfg = Debug|Any CPU
		{EB3BF141-C02A-09DF-748A-74EAABDC0FBD}.Debug|Any CPU.Build.0 = Debug|Any CPU
		{EB3BF141-C02A-09DF-748A-74EAABDC0FBD}.Release|Any CPU.ActiveCfg = Release|Any CPU
		{EB3BF141-C02A-09DF-748A-74EAABDC0FBD}.Release|Any CPU.Build.0 = Release|Any CPU
		{095AAF65-FB2C-6571-2358-3569CACC9876}.Debug|Any CPU.ActiveCfg = Debug|Any CPU
		{095AAF65-FB2C-6571-2358-3569CACC9876}.Debug|Any CPU.Build.0 = Debug|Any CPU
		{095AAF65-FB2C-6571-2358-3569CACC9876}.Release|Any CPU.ActiveCfg = Release|Any CPU
		{095AAF65-FB2C-6571-2358-3569CACC9876}.Release|Any CPU.Build.0 = Release|Any CPU
		{33CA0EE5-4AB8-94EC-91B5-3F426A6A9CBF}.Debug|Any CPU.ActiveCfg = Debug|Any CPU
		{33CA0EE5-4AB8-94EC-91B5-3F426A6A9CBF}.Debug|Any CPU.Build.0 = Debug|Any CPU
		{33CA0EE5-4AB8-94EC-91B5-3F426A6A9CBF}.Release|Any CPU.ActiveCfg = Release|Any CPU
		{33CA0EE5-4AB8-94EC-91B5-3F426A6A9CBF}.Release|Any CPU.Build.0 = Release|Any CPU
		{CAF71718-5387-1CD7-EFFD-2A1F4564841B}.Debug|Any CPU.ActiveCfg = Debug|Any CPU
		{CAF71718-5387-1CD7-EFFD-2A1F4564841B}.Debug|Any CPU.Build.0 = Debug|Any CPU
		{CAF71718-5387-1CD7-EFFD-2A1F4564841B}.Release|Any CPU.ActiveCfg = Release|Any CPU
		{CAF71718-5387-1CD7-EFFD-2A1F4564841B}.Release|Any CPU.Build.0 = Release|Any CPU
		{69D17737-6B3B-380F-338D-65CCF28B1D58}.Debug|Any CPU.ActiveCfg = Debug|Any CPU
		{69D17737-6B3B-380F-338D-65CCF28B1D58}.Debug|Any CPU.Build.0 = Debug|Any CPU
		{69D17737-6B3B-380F-338D-65CCF28B1D58}.Release|Any CPU.ActiveCfg = Release|Any CPU
		{69D17737-6B3B-380F-338D-65CCF28B1D58}.Release|Any CPU.Build.0 = Release|Any CPU
	EndGlobalSection
	GlobalSection(SolutionProperties) = preSolution
		HideSolutionNode = FALSE
	EndGlobalSection
		GlobalSection(MonoDevelopProperties) = preSolution
		StartupItem = Assembly-CSharp.csproj
		Policies = $0
		$0.TextStylePolicy = $1
		$1.inheritsSet = null
		$1.scope = text/x-csharp
		$0.CSharpFormattingPolicy = $2
		$2.inheritsSet = Mono
		$2.inheritsScope = text/x-csharp
		$2.scope = text/x-csharp
		$0.TextStylePolicy = $3
		$3.FileWidth = 120
		$3.TabWidth = 4
		$3.EolMarker = Unix
		$3.inheritsSet = Mono
		$3.inheritsScope = text/plain
		$3.scope = text/plain
	EndGlobalSection

EndGlobal
