Microsoft Visual Studio Solution File, Format Version 11.00
# Visual Studio 2008

Project("{D18F2666-03AF-2AD7-5049-EA1C65F90481}") = "CMPS179_SU14_G3_VoxelArena_Prototype", "Assembly-CSharp-firstpass.csproj", "{F7E39652-28CC-CD74-8CC7-35C7F90F1C79}"
EndProject
Project("{D18F2666-03AF-2AD7-5049-EA1C65F90481}") = "CMPS179_SU14_G3_VoxelArena_Prototype", "Assembly-CSharp.csproj", "{0B92C003-731B-FC61-C1AF-3F5F479B3AB9}"
EndProject
Project("{D18F2666-03AF-2AD7-5049-EA1C65F90481}") = "CMPS179_SU14_G3_VoxelArena_Prototype", "Assembly-CSharp-Editor.csproj", "{21B6D774-8E13-C385-8B29-C0F53853AEAC}"
EndProject
Project("{D18F2666-03AF-2AD7-5049-EA1C65F90481}") = "CMPS179_SU14_G3_VoxelArena_Prototype", "Assembly-UnityScript-firstpass.unityproj", "{A1A1CBC0-8C8D-7C56-E164-1481EFB8087D}"
EndProject
Project("{D18F2666-03AF-2AD7-5049-EA1C65F90481}") = "CMPS179_SU14_G3_VoxelArena_Prototype", "Assembly-UnityScript.unityproj", "{8C642DDC-9BBD-8DE4-16B0-3489163C2755}"
EndProject
Global
	GlobalSection(SolutionConfigurationPlatforms) = preSolution
		Debug|Any CPU = Debug|Any CPU
		Release|Any CPU = Release|Any CPU
	EndGlobalSection
	GlobalSection(ProjectConfigurationPlatforms) = postSolution
		{F7E39652-28CC-CD74-8CC7-35C7F90F1C79}.Debug|Any CPU.ActiveCfg = Debug|Any CPU
		{F7E39652-28CC-CD74-8CC7-35C7F90F1C79}.Debug|Any CPU.Build.0 = Debug|Any CPU
		{F7E39652-28CC-CD74-8CC7-35C7F90F1C79}.Release|Any CPU.ActiveCfg = Release|Any CPU
		{F7E39652-28CC-CD74-8CC7-35C7F90F1C79}.Release|Any CPU.Build.0 = Release|Any CPU
		{0B92C003-731B-FC61-C1AF-3F5F479B3AB9}.Debug|Any CPU.ActiveCfg = Debug|Any CPU
		{0B92C003-731B-FC61-C1AF-3F5F479B3AB9}.Debug|Any CPU.Build.0 = Debug|Any CPU
		{0B92C003-731B-FC61-C1AF-3F5F479B3AB9}.Release|Any CPU.ActiveCfg = Release|Any CPU
		{0B92C003-731B-FC61-C1AF-3F5F479B3AB9}.Release|Any CPU.Build.0 = Release|Any CPU
		{21B6D774-8E13-C385-8B29-C0F53853AEAC}.Debug|Any CPU.ActiveCfg = Debug|Any CPU
		{21B6D774-8E13-C385-8B29-C0F53853AEAC}.Debug|Any CPU.Build.0 = Debug|Any CPU
		{21B6D774-8E13-C385-8B29-C0F53853AEAC}.Release|Any CPU.ActiveCfg = Release|Any CPU
		{21B6D774-8E13-C385-8B29-C0F53853AEAC}.Release|Any CPU.Build.0 = Release|Any CPU
		{A1A1CBC0-8C8D-7C56-E164-1481EFB8087D}.Debug|Any CPU.ActiveCfg = Debug|Any CPU
		{A1A1CBC0-8C8D-7C56-E164-1481EFB8087D}.Debug|Any CPU.Build.0 = Debug|Any CPU
		{A1A1CBC0-8C8D-7C56-E164-1481EFB8087D}.Release|Any CPU.ActiveCfg = Release|Any CPU
		{A1A1CBC0-8C8D-7C56-E164-1481EFB8087D}.Release|Any CPU.Build.0 = Release|Any CPU
		{8C642DDC-9BBD-8DE4-16B0-3489163C2755}.Debug|Any CPU.ActiveCfg = Debug|Any CPU
		{8C642DDC-9BBD-8DE4-16B0-3489163C2755}.Debug|Any CPU.Build.0 = Debug|Any CPU
		{8C642DDC-9BBD-8DE4-16B0-3489163C2755}.Release|Any CPU.ActiveCfg = Release|Any CPU
		{8C642DDC-9BBD-8DE4-16B0-3489163C2755}.Release|Any CPU.Build.0 = Release|Any CPU
	EndGlobalSection
	GlobalSection(SolutionProperties) = preSolution
		HideSolutionNode = FALSE
	EndGlobalSection
																									GlobalSection(MonoDevelopProperties) = preSolution
		StartupItem = Assembly-CSharp.csproj
		Policies = $0
		$0.TextStylePolicy = $1
		$1.FileWidth = 120
		$1.TabsToSpaces = False
		$1.EolMarker = Unix
		$1.inheritsSet = VisualStudio
		$1.inheritsScope = text/plain
		$1.scope = text/x-csharp
		$0.CSharpFormattingPolicy = $2
		$2.inheritsSet = Mono
		$2.inheritsScope = text/x-csharp
		$2.scope = text/x-csharp
		$0.TextStylePolicy = $3
		$3.FileWidth = 120
		$3.TabWidth = 4
		$3.EolMarker = Unix
		$3.inheritsSet = Mono
		$3.inheritsScope = text/plain
		$3.scope = text/plain
	EndGlobalSection

EndGlobal
