Microsoft Visual Studio Solution File, Format Version 11.00
# Visual Studio 2008

Project("{AD2A226D-5079-8F86-2CC2-F629B073B91A}") = "VoxelTest 4", "Assembly-CSharp-firstpass.csproj", "{33C6212D-5BBF-D614-A98A-E2FD3795D63C}"
EndProject
Project("{AD2A226D-5079-8F86-2CC2-F629B073B91A}") = "VoxelTest 4", "Assembly-CSharp.csproj", "{B4B98B4F-3DD8-4DA9-7F47-6EFBCF73A156}"
EndProject
Project("{AD2A226D-5079-8F86-2CC2-F629B073B91A}") = "VoxelTest 4", "Assembly-UnityScript-firstpass.unityproj", "{D05891C7-8EBD-F169-F1C9-7A8A3510C3FD}"
EndProject
Global
	GlobalSection(SolutionConfigurationPlatforms) = preSolution
		Debug|Any CPU = Debug|Any CPU
		Release|Any CPU = Release|Any CPU
	EndGlobalSection
	GlobalSection(ProjectConfigurationPlatforms) = postSolution
		{33C6212D-5BBF-D614-A98A-E2FD3795D63C}.Debug|Any CPU.ActiveCfg = Debug|Any CPU
		{33C6212D-5BBF-D614-A98A-E2FD3795D63C}.Debug|Any CPU.Build.0 = Debug|Any CPU
		{33C6212D-5BBF-D614-A98A-E2FD3795D63C}.Release|Any CPU.ActiveCfg = Release|Any CPU
		{33C6212D-5BBF-D614-A98A-E2FD3795D63C}.Release|Any CPU.Build.0 = Release|Any CPU
		{B4B98B4F-3DD8-4DA9-7F47-6EFBCF73A156}.Debug|Any CPU.ActiveCfg = Debug|Any CPU
		{B4B98B4F-3DD8-4DA9-7F47-6EFBCF73A156}.Debug|Any CPU.Build.0 = Debug|Any CPU
		{B4B98B4F-3DD8-4DA9-7F47-6EFBCF73A156}.Release|Any CPU.ActiveCfg = Release|Any CPU
		{B4B98B4F-3DD8-4DA9-7F47-6EFBCF73A156}.Release|Any CPU.Build.0 = Release|Any CPU
		{D05891C7-8EBD-F169-F1C9-7A8A3510C3FD}.Debug|Any CPU.ActiveCfg = Debug|Any CPU
		{D05891C7-8EBD-F169-F1C9-7A8A3510C3FD}.Debug|Any CPU.Build.0 = Debug|Any CPU
		{D05891C7-8EBD-F169-F1C9-7A8A3510C3FD}.Release|Any CPU.ActiveCfg = Release|Any CPU
		{D05891C7-8EBD-F169-F1C9-7A8A3510C3FD}.Release|Any CPU.Build.0 = Release|Any CPU
	EndGlobalSection
	GlobalSection(SolutionProperties) = preSolution
		HideSolutionNode = FALSE
	EndGlobalSection
		GlobalSection(MonoDevelopProperties) = preSolution
		StartupItem = Assembly-CSharp.csproj
		Policies = $0
		$0.TextStylePolicy = $1
		$1.FileWidth = 120
		$1.TabsToSpaces = False
		$1.EolMarker = Unix
		$1.inheritsSet = VisualStudio
		$1.inheritsScope = text/plain
		$1.scope = text/x-csharp
		$0.CSharpFormattingPolicy = $2
		$2.inheritsSet = Mono
		$2.inheritsScope = text/x-csharp
		$2.scope = text/x-csharp
		$0.TextStylePolicy = $3
		$3.FileWidth = 120
		$3.TabWidth = 4
		$3.EolMarker = Unix
		$3.inheritsSet = Mono
		$3.inheritsScope = text/plain
		$3.scope = text/plain
	EndGlobalSection

EndGlobal
